
Microsoft Visual Studio Solution File, Format Version 12.00
# Visual Studio Version 17
VisualStudioVersion = 17.5.33424.131
MinimumVisualStudioVersion = 10.0.40219.1
Project("{FAE04EC0-301F-11D3-BF4B-00C04F79EFBC}") = "Online Order System", "Online Order System.csproj", "{093DF329-0165-462A-B46C-5FB1FBDCCA49}"
EndProject
Global
	GlobalSection(SolutionConfigurationPlatforms) = preSolution
		Debug|Any CPU = Debug|Any CPU
		Release|Any CPU = Release|Any CPU
	EndGlobalSection
	GlobalSection(ProjectConfigurationPlatforms) = postSolution
		{093DF329-0165-462A-B46C-5FB1FBDCCA49}.Debug|Any CPU.ActiveCfg = Debug|Any CPU
		{093DF329-0165-462A-B46C-5FB1FBDCCA49}.Debug|Any CPU.Build.0 = Debug|Any CPU
		{093DF329-0165-462A-B46C-5FB1FBDCCA49}.Release|Any CPU.ActiveCfg = Release|Any CPU
		{093DF329-0165-462A-B46C-5FB1FBDCCA49}.Release|Any CPU.Build.0 = Release|Any CPU
	EndGlobalSection
	GlobalSection(SolutionProperties) = preSolution
		HideSolutionNode = FALSE
	EndGlobalSection
	GlobalSection(ExtensibilityGlobals) = postSolution
		SolutionGuid = {0130DCE4-3F2A-48B8-82CC-758C0CAF7D7B}
	EndGlobalSection
EndGlobal
